
Microsoft Visual Studio Solution File, Format Version 12.00
# Visual Studio 14
VisualStudioVersion = 14.0.25420.1
MinimumVisualStudioVersion = 10.0.40219.1
Project("{8BC9CEB8-8B4A-11D0-8D11-00A0C91BC942}") = "IPMsg", "IPMsg.vcxproj", "{899CEA68-08AB-45E3-BA20-1376122EE78D}"
	ProjectSection(ProjectDependencies) = postProject
		{B39CA851-FD8D-4747-9ADA-46CFE93AD9E5} = {B39CA851-FD8D-4747-9ADA-46CFE93AD9E5}
		{16887083-38B4-4983-AE9B-0FE681EDE63D} = {16887083-38B4-4983-AE9B-0FE681EDE63D}
	EndProjectSection
EndProject
Project("{8BC9CEB8-8B4A-11D0-8D11-00A0C91BC942}") = "TLib", "src\TLib\TLib.vcxproj", "{E99EE17D-136C-4C37-B78A-18D324E7119C}"
EndProject
Project("{8BC9CEB8-8B4A-11D0-8D11-00A0C91BC942}") = "install", "src\install\install.vcxproj", "{C85CE441-E57C-43E6-89C6-02B2B8C5BFC8}"
	ProjectSection(ProjectDependencies) = postProject
		{4101AE1C-5029-4623-A798-D231D3454DD9} = {4101AE1C-5029-4623-A798-D231D3454DD9}
	EndProjectSection
EndProject
Project("{8BC9CEB8-8B4A-11D0-8D11-00A0C91BC942}") = "uninst", "src\uninst\uninst.vcxproj", "{74A81685-BE0A-4CCB-945B-3F19C67742F5}"
EndProject
Project("{8BC9CEB8-8B4A-11D0-8D11-00A0C91BC942}") = "zlib", "external\zlib\zlib.vcxproj", "{F3FD52A1-B3FC-48AC-99B7-ECC294FBB894}"
EndProject
Project("{8BC9CEB8-8B4A-11D0-8D11-00A0C91BC942}") = "sqlite3", "external\sqlite3\sqlite3.vcxproj", "{B39CA851-FD8D-4747-9ADA-46CFE93AD9E5}"
EndProject
Project("{8BC9CEB8-8B4A-11D0-8D11-00A0C91BC942}") = "instdata", "src\instdata\instdata.vcxproj", "{4101AE1C-5029-4623-A798-D231D3454DD9}"
	ProjectSection(ProjectDependencies) = postProject
		{899CEA68-08AB-45E3-BA20-1376122EE78D} = {899CEA68-08AB-45E3-BA20-1376122EE78D}
		{74A81685-BE0A-4CCB-945B-3F19C67742F5} = {74A81685-BE0A-4CCB-945B-3F19C67742F5}
		{1B83B099-11DD-4007-B96E-9DE822A49264} = {1B83B099-11DD-4007-B96E-9DE822A49264}
		{F3FD52A1-B3FC-48AC-99B7-ECC294FBB894} = {F3FD52A1-B3FC-48AC-99B7-ECC294FBB894}
	EndProjectSection
EndProject
Project("{8BC9CEB8-8B4A-11D0-8D11-00A0C91BC942}") = "toast", "src\toast\toast.vcxproj", "{16887083-38B4-4983-AE9B-0FE681EDE63D}"
EndProject
Project("{8BC9CEB8-8B4A-11D0-8D11-00A0C91BC942}") = "ipcmd", "src\ipcmd\ipcmd.vcxproj", "{1B83B099-11DD-4007-B96E-9DE822A49264}"
	ProjectSection(ProjectDependencies) = postProject
		{E99EE17D-136C-4C37-B78A-18D324E7119C} = {E99EE17D-136C-4C37-B78A-18D324E7119C}
	EndProjectSection
EndProject
Global
	GlobalSection(SolutionConfigurationPlatforms) = preSolution
		Debug|Win32 = Debug|Win32
		Debug|x64 = Debug|x64
		Release|Win32 = Release|Win32
		Release|x64 = Release|x64
	EndGlobalSection
	GlobalSection(ProjectConfigurationPlatforms) = postSolution
		{899CEA68-08AB-45E3-BA20-1376122EE78D}.Debug|Win32.ActiveCfg = Debug|Win32
		{899CEA68-08AB-45E3-BA20-1376122EE78D}.Debug|Win32.Build.0 = Debug|Win32
		{899CEA68-08AB-45E3-BA20-1376122EE78D}.Debug|x64.ActiveCfg = Debug|x64
		{899CEA68-08AB-45E3-BA20-1376122EE78D}.Debug|x64.Build.0 = Debug|x64
		{899CEA68-08AB-45E3-BA20-1376122EE78D}.Release|Win32.ActiveCfg = Release|Win32
		{899CEA68-08AB-45E3-BA20-1376122EE78D}.Release|Win32.Build.0 = Release|Win32
		{899CEA68-08AB-45E3-BA20-1376122EE78D}.Release|x64.ActiveCfg = Release|x64
		{899CEA68-08AB-45E3-BA20-1376122EE78D}.Release|x64.Build.0 = Release|x64
		{E99EE17D-136C-4C37-B78A-18D324E7119C}.Debug|Win32.ActiveCfg = Debug|Win32
		{E99EE17D-136C-4C37-B78A-18D324E7119C}.Debug|Win32.Build.0 = Debug|Win32
		{E99EE17D-136C-4C37-B78A-18D324E7119C}.Debug|x64.ActiveCfg = Debug|x64
		{E99EE17D-136C-4C37-B78A-18D324E7119C}.Debug|x64.Build.0 = Debug|x64
		{E99EE17D-136C-4C37-B78A-18D324E7119C}.Release|Win32.ActiveCfg = Release|Win32
		{E99EE17D-136C-4C37-B78A-18D324E7119C}.Release|Win32.Build.0 = Release|Win32
		{E99EE17D-136C-4C37-B78A-18D324E7119C}.Release|x64.ActiveCfg = Release|x64
		{E99EE17D-136C-4C37-B78A-18D324E7119C}.Release|x64.Build.0 = Release|x64
		{C85CE441-E57C-43E6-89C6-02B2B8C5BFC8}.Debug|Win32.ActiveCfg = Debug|Win32
		{C85CE441-E57C-43E6-89C6-02B2B8C5BFC8}.Debug|Win32.Build.0 = Debug|Win32
		{C85CE441-E57C-43E6-89C6-02B2B8C5BFC8}.Debug|x64.ActiveCfg = Debug|x64
		{C85CE441-E57C-43E6-89C6-02B2B8C5BFC8}.Debug|x64.Build.0 = Debug|x64
		{C85CE441-E57C-43E6-89C6-02B2B8C5BFC8}.Release|Win32.ActiveCfg = Release|Win32
		{C85CE441-E57C-43E6-89C6-02B2B8C5BFC8}.Release|Win32.Build.0 = Release|Win32
		{C85CE441-E57C-43E6-89C6-02B2B8C5BFC8}.Release|x64.ActiveCfg = Release|x64
		{C85CE441-E57C-43E6-89C6-02B2B8C5BFC8}.Release|x64.Build.0 = Release|x64
		{74A81685-BE0A-4CCB-945B-3F19C67742F5}.Debug|Win32.ActiveCfg = Debug|Win32
		{74A81685-BE0A-4CCB-945B-3F19C67742F5}.Debug|Win32.Build.0 = Debug|Win32
		{74A81685-BE0A-4CCB-945B-3F19C67742F5}.Debug|x64.ActiveCfg = Debug|x64
		{74A81685-BE0A-4CCB-945B-3F19C67742F5}.Debug|x64.Build.0 = Debug|x64
		{74A81685-BE0A-4CCB-945B-3F19C67742F5}.Release|Win32.ActiveCfg = Release|Win32
		{74A81685-BE0A-4CCB-945B-3F19C67742F5}.Release|Win32.Build.0 = Release|Win32
		{74A81685-BE0A-4CCB-945B-3F19C67742F5}.Release|x64.ActiveCfg = Release|x64
		{74A81685-BE0A-4CCB-945B-3F19C67742F5}.Release|x64.Build.0 = Release|x64
		{F3FD52A1-B3FC-48AC-99B7-ECC294FBB894}.Debug|Win32.ActiveCfg = Debug|Win32
		{F3FD52A1-B3FC-48AC-99B7-ECC294FBB894}.Debug|Win32.Build.0 = Debug|Win32
		{F3FD52A1-B3FC-48AC-99B7-ECC294FBB894}.Debug|x64.ActiveCfg = Debug|x64
		{F3FD52A1-B3FC-48AC-99B7-ECC294FBB894}.Debug|x64.Build.0 = Debug|x64
		{F3FD52A1-B3FC-48AC-99B7-ECC294FBB894}.Release|Win32.ActiveCfg = Release|Win32
		{F3FD52A1-B3FC-48AC-99B7-ECC294FBB894}.Release|Win32.Build.0 = Release|Win32
		{F3FD52A1-B3FC-48AC-99B7-ECC294FBB894}.Release|x64.ActiveCfg = Release|x64
		{F3FD52A1-B3FC-48AC-99B7-ECC294FBB894}.Release|x64.Build.0 = Release|x64
		{B39CA851-FD8D-4747-9ADA-46CFE93AD9E5}.Debug|Win32.ActiveCfg = Debug|Win32
		{B39CA851-FD8D-4747-9ADA-46CFE93AD9E5}.Debug|Win32.Build.0 = Debug|Win32
		{B39CA851-FD8D-4747-9ADA-46CFE93AD9E5}.Debug|x64.ActiveCfg = Debug|x64
		{B39CA851-FD8D-4747-9ADA-46CFE93AD9E5}.Debug|x64.Build.0 = Debug|x64
		{B39CA851-FD8D-4747-9ADA-46CFE93AD9E5}.Release|Win32.ActiveCfg = Release|Win32
		{B39CA851-FD8D-4747-9ADA-46CFE93AD9E5}.Release|Win32.Build.0 = Release|Win32
		{B39CA851-FD8D-4747-9ADA-46CFE93AD9E5}.Release|x64.ActiveCfg = Release|x64
		{B39CA851-FD8D-4747-9ADA-46CFE93AD9E5}.Release|x64.Build.0 = Release|x64
		{4101AE1C-5029-4623-A798-D231D3454DD9}.Debug|Win32.ActiveCfg = Debug|Win32
		{4101AE1C-5029-4623-A798-D231D3454DD9}.Debug|Win32.Build.0 = Debug|Win32
		{4101AE1C-5029-4623-A798-D231D3454DD9}.Debug|x64.ActiveCfg = Debug|x64
		{4101AE1C-5029-4623-A798-D231D3454DD9}.Debug|x64.Build.0 = Debug|x64
		{4101AE1C-5029-4623-A798-D231D3454DD9}.Release|Win32.ActiveCfg = Release|Win32
		{4101AE1C-5029-4623-A798-D231D3454DD9}.Release|Win32.Build.0 = Release|Win32
		{4101AE1C-5029-4623-A798-D231D3454DD9}.Release|x64.ActiveCfg = Release|x64
		{4101AE1C-5029-4623-A798-D231D3454DD9}.Release|x64.Build.0 = Release|x64
		{16887083-38B4-4983-AE9B-0FE681EDE63D}.Debug|Win32.ActiveCfg = Debug|Win32
		{16887083-38B4-4983-AE9B-0FE681EDE63D}.Debug|Win32.Build.0 = Debug|Win32
		{16887083-38B4-4983-AE9B-0FE681EDE63D}.Debug|x64.ActiveCfg = Debug|x64
		{16887083-38B4-4983-AE9B-0FE681EDE63D}.Debug|x64.Build.0 = Debug|x64
		{16887083-38B4-4983-AE9B-0FE681EDE63D}.Release|Win32.ActiveCfg = Release|Win32
		{16887083-38B4-4983-AE9B-0FE681EDE63D}.Release|Win32.Build.0 = Release|Win32
		{16887083-38B4-4983-AE9B-0FE681EDE63D}.Release|x64.ActiveCfg = Release|x64
		{16887083-38B4-4983-AE9B-0FE681EDE63D}.Release|x64.Build.0 = Release|x64
		{1B83B099-11DD-4007-B96E-9DE822A49264}.Debug|Win32.ActiveCfg = Debug|Win32
		{1B83B099-11DD-4007-B96E-9DE822A49264}.Debug|Win32.Build.0 = Debug|Win32
		{1B83B099-11DD-4007-B96E-9DE822A49264}.Debug|x64.ActiveCfg = Debug|x64
		{1B83B099-11DD-4007-B96E-9DE822A49264}.Debug|x64.Build.0 = Debug|x64
		{1B83B099-11DD-4007-B96E-9DE822A49264}.Release|Win32.ActiveCfg = Release|Win32
		{1B83B099-11DD-4007-B96E-9DE822A49264}.Release|Win32.Build.0 = Release|Win32
		{1B83B099-11DD-4007-B96E-9DE822A49264}.Release|x64.ActiveCfg = Release|x64
		{1B83B099-11DD-4007-B96E-9DE822A49264}.Release|x64.Build.0 = Release|x64
	EndGlobalSection
	GlobalSection(SolutionProperties) = preSolution
		HideSolutionNode = FALSE
	EndGlobalSection
EndGlobal
